
Microsoft Visual Studio Solution File, Format Version 12.00
# Visual Studio Version 16
VisualStudioVersion = 16.0.30413.136
MinimumVisualStudioVersion = 10.0.40219.1
Project("{FAE04EC0-301F-11D3-BF4B-00C04F79EFBC}") = "Backend", "Backend\Backend.csproj", "{83F15BC3-D66F-4037-A483-1AF6F2DFA925}"
EndProject
Project("{FAE04EC0-301F-11D3-BF4B-00C04F79EFBC}") = "Data", "Data\Data.csproj", "{4CA26D07-53B5-4B7A-9EC4-50908D6FE160}"
EndProject
Global
	GlobalSection(SolutionConfigurationPlatforms) = preSolution
		Debug|Any CPU = Debug|Any CPU
		Release|Any CPU = Release|Any CPU
	EndGlobalSection
	GlobalSection(ProjectConfigurationPlatforms) = postSolution
		{83F15BC3-D66F-4037-A483-1AF6F2DFA925}.Debug|Any CPU.ActiveCfg = Debug|Any CPU
		{83F15BC3-D66F-4037-A483-1AF6F2DFA925}.Debug|Any CPU.Build.0 = Debug|Any CPU
		{83F15BC3-D66F-4037-A483-1AF6F2DFA925}.Release|Any CPU.ActiveCfg = Release|Any CPU
		{83F15BC3-D66F-4037-A483-1AF6F2DFA925}.Release|Any CPU.Build.0 = Release|Any CPU
		{4CA26D07-53B5-4B7A-9EC4-50908D6FE160}.Debug|Any CPU.ActiveCfg = Debug|Any CPU
		{4CA26D07-53B5-4B7A-9EC4-50908D6FE160}.Debug|Any CPU.Build.0 = Debug|Any CPU
		{4CA26D07-53B5-4B7A-9EC4-50908D6FE160}.Release|Any CPU.ActiveCfg = Release|Any CPU
		{4CA26D07-53B5-4B7A-9EC4-50908D6FE160}.Release|Any CPU.Build.0 = Release|Any CPU
	EndGlobalSection
	GlobalSection(SolutionProperties) = preSolution
		HideSolutionNode = FALSE
	EndGlobalSection
	GlobalSection(ExtensibilityGlobals) = postSolution
		SolutionGuid = {B09F0752-8EC0-49B1-8E66-71619EC93D4F}
	EndGlobalSection
EndGlobal
